{
  "requires": true,
  "lockfileVersion": 1,
  "dependencies": {
    "tone": {
      "version": "13.4.10",
      "resolved": "https://registry.npmjs.org/tone/-/tone-13.4.10.tgz",
      "integrity": "sha512-Ud6S2iWGbFHPDAuFAK5Y9vJCQIxXvFaLNut+EYYzP3Jx2nVbygKtu2S+xhZ6f3hxvU+//TRkffAfNgDHBw7zyQ=="
    }
  }
}
